
Microsoft Visual Studio Solution File, Format Version 12.00
# Visual Studio Version 17
VisualStudioVersion = 17.14.36310.24 d17.14
MinimumVisualStudioVersion = 10.0.40219.1
Project("{FAE04EC0-301F-11D3-BF4B-00C04F79EFBC}") = "EasyGames.Web", "EasyGames.Web\EasyGames.Web.csproj", "{E1A6152A-6A5B-46CA-B298-59E489E83329}"
EndProject
Global
	GlobalSection(SolutionConfigurationPlatforms) = preSolution
		Debug|Any CPU = Debug|Any CPU
		Release|Any CPU = Release|Any CPU
	EndGlobalSection
	GlobalSection(ProjectConfigurationPlatforms) = postSolution
		{E1A6152A-6A5B-46CA-B298-59E489E83329}.Debug|Any CPU.ActiveCfg = Debug|Any CPU
		{E1A6152A-6A5B-46CA-B298-59E489E83329}.Debug|Any CPU.Build.0 = Debug|Any CPU
		{E1A6152A-6A5B-46CA-B298-59E489E83329}.Release|Any CPU.ActiveCfg = Release|Any CPU
		{E1A6152A-6A5B-46CA-B298-59E489E83329}.Release|Any CPU.Build.0 = Release|Any CPU
	EndGlobalSection
	GlobalSection(SolutionProperties) = preSolution
		HideSolutionNode = FALSE
	EndGlobalSection
	GlobalSection(ExtensibilityGlobals) = postSolution
		SolutionGuid = {7300F503-8EE0-40FE-88B0-E551C5F52C0B}
	EndGlobalSection
EndGlobal
